
Microsoft Visual Studio Solution File, Format Version 12.00
# Visual Studio Version 17
VisualStudioVersion = 17.10.34928.147
MinimumVisualStudioVersion = 10.0.40219.1
Project("{FAE04EC0-301F-11D3-BF4B-00C04F79EFBC}") = "3.31_Dictionary Temelleri", "3.31_Dictionary Temelleri.csproj", "{F31FEABA-908B-4423-BF1C-E6A8FF8BF3CD}"
EndProject
Global
	GlobalSection(SolutionConfigurationPlatforms) = preSolution
		Debug|Any CPU = Debug|Any CPU
		Release|Any CPU = Release|Any CPU
	EndGlobalSection
	GlobalSection(ProjectConfigurationPlatforms) = postSolution
		{F31FEABA-908B-4423-BF1C-E6A8FF8BF3CD}.Debug|Any CPU.ActiveCfg = Debug|Any CPU
		{F31FEABA-908B-4423-BF1C-E6A8FF8BF3CD}.Debug|Any CPU.Build.0 = Debug|Any CPU
		{F31FEABA-908B-4423-BF1C-E6A8FF8BF3CD}.Release|Any CPU.ActiveCfg = Release|Any CPU
		{F31FEABA-908B-4423-BF1C-E6A8FF8BF3CD}.Release|Any CPU.Build.0 = Release|Any CPU
	EndGlobalSection
	GlobalSection(SolutionProperties) = preSolution
		HideSolutionNode = FALSE
	EndGlobalSection
	GlobalSection(ExtensibilityGlobals) = postSolution
		SolutionGuid = {EA0D62F7-BD21-4978-ACA8-AC2A781B7EFE}
	EndGlobalSection
EndGlobal
