
Microsoft Visual Studio Solution File, Format Version 12.00
# Visual Studio Version 17
VisualStudioVersion = 17.10.34928.147
MinimumVisualStudioVersion = 10.0.40219.1
Project("{FAE04EC0-301F-11D3-BF4B-00C04F79EFBC}") = "2.13_Operatörler", "2.13_Operatörler.csproj", "{79097981-A5ED-47D8-BE1B-1DA945B69034}"
EndProject
Global
	GlobalSection(SolutionConfigurationPlatforms) = preSolution
		Debug|Any CPU = Debug|Any CPU
		Release|Any CPU = Release|Any CPU
	EndGlobalSection
	GlobalSection(ProjectConfigurationPlatforms) = postSolution
		{79097981-A5ED-47D8-BE1B-1DA945B69034}.Debug|Any CPU.ActiveCfg = Debug|Any CPU
		{79097981-A5ED-47D8-BE1B-1DA945B69034}.Debug|Any CPU.Build.0 = Debug|Any CPU
		{79097981-A5ED-47D8-BE1B-1DA945B69034}.Release|Any CPU.ActiveCfg = Release|Any CPU
		{79097981-A5ED-47D8-BE1B-1DA945B69034}.Release|Any CPU.Build.0 = Release|Any CPU
	EndGlobalSection
	GlobalSection(SolutionProperties) = preSolution
		HideSolutionNode = FALSE
	EndGlobalSection
	GlobalSection(ExtensibilityGlobals) = postSolution
		SolutionGuid = {4682A9A5-2BDE-4106-9415-E5813880A414}
	EndGlobalSection
EndGlobal
