
Microsoft Visual Studio Solution File, Format Version 12.00
# Visual Studio Version 17
VisualStudioVersion = 17.10.34928.147
MinimumVisualStudioVersion = 10.0.40219.1
Project("{FAE04EC0-301F-11D3-BF4B-00C04F79EFBC}") = "3.19_SortedList Uygulaması", "3.19_SortedList Uygulaması.csproj", "{9F1C468C-0F21-4527-8ABE-D90206565EB5}"
EndProject
Global
	GlobalSection(SolutionConfigurationPlatforms) = preSolution
		Debug|Any CPU = Debug|Any CPU
		Release|Any CPU = Release|Any CPU
	EndGlobalSection
	GlobalSection(ProjectConfigurationPlatforms) = postSolution
		{9F1C468C-0F21-4527-8ABE-D90206565EB5}.Debug|Any CPU.ActiveCfg = Debug|Any CPU
		{9F1C468C-0F21-4527-8ABE-D90206565EB5}.Debug|Any CPU.Build.0 = Debug|Any CPU
		{9F1C468C-0F21-4527-8ABE-D90206565EB5}.Release|Any CPU.ActiveCfg = Release|Any CPU
		{9F1C468C-0F21-4527-8ABE-D90206565EB5}.Release|Any CPU.Build.0 = Release|Any CPU
	EndGlobalSection
	GlobalSection(SolutionProperties) = preSolution
		HideSolutionNode = FALSE
	EndGlobalSection
	GlobalSection(ExtensibilityGlobals) = postSolution
		SolutionGuid = {E69CB3C3-94BA-4FF1-980D-E1755CFD48B2}
	EndGlobalSection
EndGlobal
