
Microsoft Visual Studio Solution File, Format Version 12.00
# Visual Studio Version 17
VisualStudioVersion = 17.10.34928.147
MinimumVisualStudioVersion = 10.0.40219.1
Project("{FAE04EC0-301F-11D3-BF4B-00C04F79EFBC}") = "3.20_List", "3.20_List.csproj", "{53A2DDDD-D355-4D0B-B980-85A0B85AA70C}"
EndProject
Global
	GlobalSection(SolutionConfigurationPlatforms) = preSolution
		Debug|Any CPU = Debug|Any CPU
		Release|Any CPU = Release|Any CPU
	EndGlobalSection
	GlobalSection(ProjectConfigurationPlatforms) = postSolution
		{53A2DDDD-D355-4D0B-B980-85A0B85AA70C}.Debug|Any CPU.ActiveCfg = Debug|Any CPU
		{53A2DDDD-D355-4D0B-B980-85A0B85AA70C}.Debug|Any CPU.Build.0 = Debug|Any CPU
		{53A2DDDD-D355-4D0B-B980-85A0B85AA70C}.Release|Any CPU.ActiveCfg = Release|Any CPU
		{53A2DDDD-D355-4D0B-B980-85A0B85AA70C}.Release|Any CPU.Build.0 = Release|Any CPU
	EndGlobalSection
	GlobalSection(SolutionProperties) = preSolution
		HideSolutionNode = FALSE
	EndGlobalSection
	GlobalSection(ExtensibilityGlobals) = postSolution
		SolutionGuid = {1554880E-10BA-4CAB-9C40-3C36B7DA56E5}
	EndGlobalSection
EndGlobal
