
Microsoft Visual Studio Solution File, Format Version 12.00
# Visual Studio Version 17
VisualStudioVersion = 17.10.34928.147
MinimumVisualStudioVersion = 10.0.40219.1
Project("{FAE04EC0-301F-11D3-BF4B-00C04F79EFBC}") = "2.19_Diziler", "2.19_Diziler.csproj", "{4F918C12-7A92-48B8-861A-9B1702347C51}"
EndProject
Global
	GlobalSection(SolutionConfigurationPlatforms) = preSolution
		Debug|Any CPU = Debug|Any CPU
		Release|Any CPU = Release|Any CPU
	EndGlobalSection
	GlobalSection(ProjectConfigurationPlatforms) = postSolution
		{4F918C12-7A92-48B8-861A-9B1702347C51}.Debug|Any CPU.ActiveCfg = Debug|Any CPU
		{4F918C12-7A92-48B8-861A-9B1702347C51}.Debug|Any CPU.Build.0 = Debug|Any CPU
		{4F918C12-7A92-48B8-861A-9B1702347C51}.Release|Any CPU.ActiveCfg = Release|Any CPU
		{4F918C12-7A92-48B8-861A-9B1702347C51}.Release|Any CPU.Build.0 = Release|Any CPU
	EndGlobalSection
	GlobalSection(SolutionProperties) = preSolution
		HideSolutionNode = FALSE
	EndGlobalSection
	GlobalSection(ExtensibilityGlobals) = postSolution
		SolutionGuid = {89F1BD8E-2EDA-485D-95E0-B34D9AB2AEAA}
	EndGlobalSection
EndGlobal
