
Microsoft Visual Studio Solution File, Format Version 12.00
# Visual Studio Version 17
VisualStudioVersion = 17.10.34928.147
MinimumVisualStudioVersion = 10.0.40219.1
Project("{FAE04EC0-301F-11D3-BF4B-00C04F79EFBC}") = "3.7_Struct Veri Yapısı ve Değer Tipi", "3.7_Struct Veri Yapısı ve Değer Tipi.csproj", "{FB17942B-400C-48CE-91EC-CEE21CD9B6D2}"
EndProject
Global
	GlobalSection(SolutionConfigurationPlatforms) = preSolution
		Debug|Any CPU = Debug|Any CPU
		Release|Any CPU = Release|Any CPU
	EndGlobalSection
	GlobalSection(ProjectConfigurationPlatforms) = postSolution
		{FB17942B-400C-48CE-91EC-CEE21CD9B6D2}.Debug|Any CPU.ActiveCfg = Debug|Any CPU
		{FB17942B-400C-48CE-91EC-CEE21CD9B6D2}.Debug|Any CPU.Build.0 = Debug|Any CPU
		{FB17942B-400C-48CE-91EC-CEE21CD9B6D2}.Release|Any CPU.ActiveCfg = Release|Any CPU
		{FB17942B-400C-48CE-91EC-CEE21CD9B6D2}.Release|Any CPU.Build.0 = Release|Any CPU
	EndGlobalSection
	GlobalSection(SolutionProperties) = preSolution
		HideSolutionNode = FALSE
	EndGlobalSection
	GlobalSection(ExtensibilityGlobals) = postSolution
		SolutionGuid = {75812710-6BED-4D3B-9C4A-8599EBE16541}
	EndGlobalSection
EndGlobal
