
Microsoft Visual Studio Solution File, Format Version 12.00
# Visual Studio Version 17
VisualStudioVersion = 17.10.34928.147
MinimumVisualStudioVersion = 10.0.40219.1
Project("{FAE04EC0-301F-11D3-BF4B-00C04F79EFBC}") = "3.24_Stack Uygulaması", "3.24_Stack Uygulaması.csproj", "{6FF37B46-B886-433F-BF22-5890FFBB76F4}"
EndProject
Global
	GlobalSection(SolutionConfigurationPlatforms) = preSolution
		Debug|Any CPU = Debug|Any CPU
		Release|Any CPU = Release|Any CPU
	EndGlobalSection
	GlobalSection(ProjectConfigurationPlatforms) = postSolution
		{6FF37B46-B886-433F-BF22-5890FFBB76F4}.Debug|Any CPU.ActiveCfg = Debug|Any CPU
		{6FF37B46-B886-433F-BF22-5890FFBB76F4}.Debug|Any CPU.Build.0 = Debug|Any CPU
		{6FF37B46-B886-433F-BF22-5890FFBB76F4}.Release|Any CPU.ActiveCfg = Release|Any CPU
		{6FF37B46-B886-433F-BF22-5890FFBB76F4}.Release|Any CPU.Build.0 = Release|Any CPU
	EndGlobalSection
	GlobalSection(SolutionProperties) = preSolution
		HideSolutionNode = FALSE
	EndGlobalSection
	GlobalSection(ExtensibilityGlobals) = postSolution
		SolutionGuid = {3F602EF2-47A8-4A07-8F97-FC0F418B7AD6}
	EndGlobalSection
EndGlobal
