
Microsoft Visual Studio Solution File, Format Version 12.00
# Visual Studio Version 17
VisualStudioVersion = 17.10.34928.147
MinimumVisualStudioVersion = 10.0.40219.1
Project("{FAE04EC0-301F-11D3-BF4B-00C04F79EFBC}") = "2.14_IF-ELSE Yapısı", "2.14_IF-ELSE Yapısı.csproj", "{3552EC64-19C5-406E-BBEB-181C4001D87E}"
EndProject
Global
	GlobalSection(SolutionConfigurationPlatforms) = preSolution
		Debug|Any CPU = Debug|Any CPU
		Release|Any CPU = Release|Any CPU
	EndGlobalSection
	GlobalSection(ProjectConfigurationPlatforms) = postSolution
		{3552EC64-19C5-406E-BBEB-181C4001D87E}.Debug|Any CPU.ActiveCfg = Debug|Any CPU
		{3552EC64-19C5-406E-BBEB-181C4001D87E}.Debug|Any CPU.Build.0 = Debug|Any CPU
		{3552EC64-19C5-406E-BBEB-181C4001D87E}.Release|Any CPU.ActiveCfg = Release|Any CPU
		{3552EC64-19C5-406E-BBEB-181C4001D87E}.Release|Any CPU.Build.0 = Release|Any CPU
	EndGlobalSection
	GlobalSection(SolutionProperties) = preSolution
		HideSolutionNode = FALSE
	EndGlobalSection
	GlobalSection(ExtensibilityGlobals) = postSolution
		SolutionGuid = {6C075EBD-313C-44A0-A8A8-8454CBF968B4}
	EndGlobalSection
EndGlobal
